
Microsoft Visual Studio Solution File, Format Version 12.00
# Visual Studio 15
VisualStudioVersion = 15.0.28307.572
MinimumVisualStudioVersion = 10.0.40219.1
Project("{FAE04EC0-301F-11D3-BF4B-00C04F79EFBC}") = "DoKhi", "DoKhi\DoKhi.csproj", "{5E24AC20-52C6-4F6C-BBB2-DE5516751AAD}"
EndProject
Project("{FAE04EC0-301F-11D3-BF4B-00C04F79EFBC}") = "ControlLibrary", "ControlLibrary\ControlLibrary.csproj", "{CC1E12FA-7D31-47D3-A671-7F6A7A02F5D1}"
EndProject
Project("{FAE04EC0-301F-11D3-BF4B-00C04F79EFBC}") = "ThanMaoKhe.ModuleOPC", "ThanMaoKhe.ModuleOPC\ThanMaoKhe.ModuleOPC.csproj", "{E762231B-2000-41CE-8210-462FD6887337}"
EndProject
Project("{FAE04EC0-301F-11D3-BF4B-00C04F79EFBC}") = "LibraryExtentions", "LibraryExtentions\LibraryExtentions.csproj", "{95AC0CCC-04C5-42B1-999F-55E0BD21E9CD}"
EndProject
Global
	GlobalSection(SolutionConfigurationPlatforms) = preSolution
		Debug|Any CPU = Debug|Any CPU
		Release|Any CPU = Release|Any CPU
	EndGlobalSection
	GlobalSection(ProjectConfigurationPlatforms) = postSolution
		{5E24AC20-52C6-4F6C-BBB2-DE5516751AAD}.Debug|Any CPU.ActiveCfg = Debug|Any CPU
		{5E24AC20-52C6-4F6C-BBB2-DE5516751AAD}.Debug|Any CPU.Build.0 = Debug|Any CPU
		{5E24AC20-52C6-4F6C-BBB2-DE5516751AAD}.Release|Any CPU.ActiveCfg = Release|Any CPU
		{5E24AC20-52C6-4F6C-BBB2-DE5516751AAD}.Release|Any CPU.Build.0 = Release|Any CPU
		{CC1E12FA-7D31-47D3-A671-7F6A7A02F5D1}.Debug|Any CPU.ActiveCfg = Debug|Any CPU
		{CC1E12FA-7D31-47D3-A671-7F6A7A02F5D1}.Debug|Any CPU.Build.0 = Debug|Any CPU
		{CC1E12FA-7D31-47D3-A671-7F6A7A02F5D1}.Release|Any CPU.ActiveCfg = Release|Any CPU
		{CC1E12FA-7D31-47D3-A671-7F6A7A02F5D1}.Release|Any CPU.Build.0 = Release|Any CPU
		{E762231B-2000-41CE-8210-462FD6887337}.Debug|Any CPU.ActiveCfg = Debug|Any CPU
		{E762231B-2000-41CE-8210-462FD6887337}.Debug|Any CPU.Build.0 = Debug|Any CPU
		{E762231B-2000-41CE-8210-462FD6887337}.Release|Any CPU.ActiveCfg = Release|Any CPU
		{E762231B-2000-41CE-8210-462FD6887337}.Release|Any CPU.Build.0 = Release|Any CPU
		{95AC0CCC-04C5-42B1-999F-55E0BD21E9CD}.Debug|Any CPU.ActiveCfg = Debug|Any CPU
		{95AC0CCC-04C5-42B1-999F-55E0BD21E9CD}.Debug|Any CPU.Build.0 = Debug|Any CPU
		{95AC0CCC-04C5-42B1-999F-55E0BD21E9CD}.Release|Any CPU.ActiveCfg = Release|Any CPU
		{95AC0CCC-04C5-42B1-999F-55E0BD21E9CD}.Release|Any CPU.Build.0 = Release|Any CPU
	EndGlobalSection
	GlobalSection(SolutionProperties) = preSolution
		HideSolutionNode = FALSE
	EndGlobalSection
	GlobalSection(ExtensibilityGlobals) = postSolution
		SolutionGuid = {5FD04F4A-BB3D-422D-A0EF-6151623A349C}
	EndGlobalSection
EndGlobal
